
Microsoft Visual Studio Solution File, Format Version 12.00
# Visual Studio 15
VisualStudioVersion = 15.0.28307.106
MinimumVisualStudioVersion = 10.0.40219.1
Project("{F2A71F9B-5D33-465A-A702-920D77279786}") = "Consumer", "Consumer\Consumer.fsproj", "{7742CE85-B40A-4071-9CCF-BF49DDEB6182}"
EndProject
Global
	GlobalSection(SolutionConfigurationPlatforms) = preSolution
		Debug|Any CPU = Debug|Any CPU
		Release|Any CPU = Release|Any CPU
	EndGlobalSection
	GlobalSection(ProjectConfigurationPlatforms) = postSolution
		{7742CE85-B40A-4071-9CCF-BF49DDEB6182}.Debug|Any CPU.ActiveCfg = Debug|Any CPU
		{7742CE85-B40A-4071-9CCF-BF49DDEB6182}.Debug|Any CPU.Build.0 = Debug|Any CPU
		{7742CE85-B40A-4071-9CCF-BF49DDEB6182}.Release|Any CPU.ActiveCfg = Release|Any CPU
		{7742CE85-B40A-4071-9CCF-BF49DDEB6182}.Release|Any CPU.Build.0 = Release|Any CPU
	EndGlobalSection
	GlobalSection(SolutionProperties) = preSolution
		HideSolutionNode = FALSE
	EndGlobalSection
	GlobalSection(ExtensibilityGlobals) = postSolution
		SolutionGuid = {59E1C257-9F90-4ABD-8195-DAD1DBE0488B}
	EndGlobalSection
EndGlobal
